
Microsoft Visual Studio Solution File, Format Version 12.00
# Visual Studio 2012
Project("{FAE04EC0-301F-11D3-BF4B-00C04F79EFBC}") = "Fistnet.FistBot", "Fistnet.FistBot.csproj", "{6A08127C-C656-4D1B-8659-B4BE80888517}"
EndProject
Project("{FAE04EC0-301F-11D3-BF4B-00C04F79EFBC}") = "Fistnet.FistBot.StrategyBuilder", "..\Fistnet.FistBot.StrategyBuilder\Fistnet.FistBot.StrategyBuilder.csproj", "{958FA388-746B-4165-822B-ECE0D755CC4D}"
EndProject
Global
	GlobalSection(SolutionConfigurationPlatforms) = preSolution
		Debug|Any CPU = Debug|Any CPU
		Release|Any CPU = Release|Any CPU
	EndGlobalSection
	GlobalSection(ProjectConfigurationPlatforms) = postSolution
		{6A08127C-C656-4D1B-8659-B4BE80888517}.Debug|Any CPU.ActiveCfg = Debug|Any CPU
		{6A08127C-C656-4D1B-8659-B4BE80888517}.Debug|Any CPU.Build.0 = Debug|Any CPU
		{6A08127C-C656-4D1B-8659-B4BE80888517}.Release|Any CPU.ActiveCfg = Release|Any CPU
		{6A08127C-C656-4D1B-8659-B4BE80888517}.Release|Any CPU.Build.0 = Release|Any CPU
		{958FA388-746B-4165-822B-ECE0D755CC4D}.Debug|Any CPU.ActiveCfg = Debug|Any CPU
		{958FA388-746B-4165-822B-ECE0D755CC4D}.Debug|Any CPU.Build.0 = Debug|Any CPU
		{958FA388-746B-4165-822B-ECE0D755CC4D}.Release|Any CPU.ActiveCfg = Release|Any CPU
		{958FA388-746B-4165-822B-ECE0D755CC4D}.Release|Any CPU.Build.0 = Release|Any CPU
	EndGlobalSection
	GlobalSection(SolutionProperties) = preSolution
		HideSolutionNode = FALSE
	EndGlobalSection
EndGlobal
